{
    "_readme": [
        "This file locks the dependencies of your project to a known state",
        "Read more about it at http://getcomposer.org/doc/01-basic-usage.md#composer-lock-the-lock-file",
        "This file is @generated automatically"
    ],
    "hash": "3f214410951e77f7e27f13c797c5db79",
    "packages": [
        {
            "name": "spomky-labs/oauth2-interface",
            "version": "v2.0.0",
            "source": {
                "type": "git",
                "url": "https://github.com/Spomky-Labs/oauth2-interface.git",
                "reference": "ec12a2239421381399af21d3df7227dc5415c3ae"
            },
            "dist": {
                "type": "zip",
                "url": "https://api.github.com/repos/Spomky-Labs/oauth2-interface/zipball/ec12a2239421381399af21d3df7227dc5415c3ae",
                "reference": "ec12a2239421381399af21d3df7227dc5415c3ae",
                "shasum": ""
            },
            "require": {
                "php": ">=5.3.2",
                "symfony/http-foundation": "~2.1"
            },
            "suggest": {
                "spomky-labs/oauth2-server": "OAuth2 Server library"
            },
            "type": "library",
            "extra": {
                "branch-alias": {
                    "dev-master": "2.0.x-dev"
                }
            },
            "autoload": {
                "psr-4": {
                    "OAuth2\\": "lib/"
                }
            },
            "notification-url": "https://packagist.org/downloads/",
            "license": [
                "MIT"
            ],
            "authors": [
                {
                    "name": "Florent Morselli",
                    "homepage": "https://github.com/Spomky-Labs/oauth2-interface/contributors"
                }
            ],
            "description": "OAuth2 Server Interface library",
            "homepage": "https://github.com/Spomky-Labs/oauth2-interface",
            "keywords": [
                "interface",
                "oauth2",
                "server"
            ],
            "time": "2014-08-06 19:59:34"
        },
        {
            "name": "spomky-labs/oauth2-server-access-token-manager",
            "version": "v2.0.0",
            "source": {
                "type": "git",
                "url": "https://github.com/Spomky-Labs/oauth2-server-access-token-manager.git",
                "reference": "ac25530049debd14a4725cf521ecc96b3c81ec84"
            },
            "dist": {
                "type": "zip",
                "url": "https://api.github.com/repos/Spomky-Labs/oauth2-server-access-token-manager/zipball/ac25530049debd14a4725cf521ecc96b3c81ec84",
                "reference": "ac25530049debd14a4725cf521ecc96b3c81ec84",
                "shasum": ""
            },
            "require": {
                "php": ">=5.3.2",
                "spomky-labs/oauth2-interface": "2.0.*"
            },
            "suggest": {
                "spomky-labs/oauth2-server-bearer-token": "Bearer Token",
                "spomky-labs/oauth2-server-mac-token": "MAC Token"
            },
            "type": "library",
            "extra": {
                "branch-alias": {
                    "dev-master": "2.0.x-dev"
                }
            },
            "autoload": {
                "psr-4": {
                    "OAuth2\\Token\\": "lib/",
                    "OAuth2\\Tests\\": "features/bootstrap/"
                }
            },
            "notification-url": "https://packagist.org/downloads/",
            "license": [
                "MIT"
            ],
            "authors": [
                {
                    "name": "Florent Morselli",
                    "homepage": "https://github.com/Spomky-Labs/oauth2-server-access-token-manager/contributors"
                }
            ],
            "description": "OAuth2 Server library",
            "homepage": "https://github.com/Spomky-Labs/oauth2-server-access-token-manager",
            "keywords": [
                "oauth2"
            ],
            "time": "2014-09-18 21:35:49"
        },
        {
            "name": "symfony/http-foundation",
            "version": "v2.5.4",
            "target-dir": "Symfony/Component/HttpFoundation",
            "source": {
                "type": "git",
                "url": "https://github.com/symfony/HttpFoundation.git",
                "reference": "cec87359655f901a11de336576851d3957449947"
            },
            "dist": {
                "type": "zip",
                "url": "https://api.github.com/repos/symfony/HttpFoundation/zipball/cec87359655f901a11de336576851d3957449947",
                "reference": "cec87359655f901a11de336576851d3957449947",
                "shasum": ""
            },
            "require": {
                "php": ">=5.3.3"
            },
            "require-dev": {
                "symfony/expression-language": "~2.4"
            },
            "type": "library",
            "extra": {
                "branch-alias": {
                    "dev-master": "2.5-dev"
                }
            },
            "autoload": {
                "psr-0": {
                    "Symfony\\Component\\HttpFoundation\\": ""
                },
                "classmap": [
                    "Symfony/Component/HttpFoundation/Resources/stubs"
                ]
            },
            "notification-url": "https://packagist.org/downloads/",
            "license": [
                "MIT"
            ],
            "authors": [
                {
                    "name": "Symfony Community",
                    "homepage": "http://symfony.com/contributors"
                },
                {
                    "name": "Fabien Potencier",
                    "email": "fabien@symfony.com"
                }
            ],
            "description": "Symfony HttpFoundation Component",
            "homepage": "http://symfony.com",
            "time": "2014-09-03 09:00:14"
        }
    ],
    "packages-dev": [

    ],
    "aliases": [

    ],
    "minimum-stability": "stable",
    "stability-flags": [

    ],
    "prefer-stable": false,
    "platform": [

    ],
    "platform-dev": [

    ]
}
